<?xml version="1.0" encoding="utf-8"?>
<Project ToolsVersion="17.0" xmlns="http://schemas.microsoft.com/developer/msbuild/2003">
  <ItemGroup>
    <ClCompile Include="C:\GitHub_Repos\mp2-lab3-postfix\Gutyansky\src\identifier_parser.cpp">
      <Filter>Source Files</Filter>
    </ClCompile>
    <ClCompile Include="C:\GitHub_Repos\mp2-lab3-postfix\Gutyansky\src\lexer.cpp">
      <Filter>Source Files</Filter>
    </ClCompile>
    <ClCompile Include="C:\GitHub_Repos\mp2-lab3-postfix\Gutyansky\src\lexer_context.cpp">
      <Filter>Source Files</Filter>
    </ClCompile>
    <ClCompile Include="C:\GitHub_Repos\mp2-lab3-postfix\Gutyansky\src\lexer_token.cpp">
      <Filter>Source Files</Filter>
    </ClCompile>
    <ClCompile Include="C:\GitHub_Repos\mp2-lab3-postfix\Gutyansky\src\number_parser.cpp">
      <Filter>Source Files</Filter>
    </ClCompile>
    <ClCompile Include="C:\GitHub_Repos\mp2-lab3-postfix\Gutyansky\src\postfix.cpp">
      <Filter>Source Files</Filter>
    </ClCompile>
    <ClCompile Include="C:\GitHub_Repos\mp2-lab3-postfix\Gutyansky\src\symbol_parser.cpp">
      <Filter>Source Files</Filter>
    </ClCompile>
  </ItemGroup>
  <ItemGroup>
    <ClInclude Include="C:\GitHub_Repos\mp2-lab3-postfix\Gutyansky\include\composite_provider.h">
      <Filter>Header Files</Filter>
    </ClInclude>
    <ClInclude Include="C:\GitHub_Repos\mp2-lab3-postfix\Gutyansky\include\const_provider.h">
      <Filter>Header Files</Filter>
    </ClInclude>
    <ClInclude Include="C:\GitHub_Repos\mp2-lab3-postfix\Gutyansky\include\execution_context.h">
      <Filter>Header Files</Filter>
    </ClInclude>
    <ClInclude Include="C:\GitHub_Repos\mp2-lab3-postfix\Gutyansky\include\identifier_parser.h">
      <Filter>Header Files</Filter>
    </ClInclude>
    <ClInclude Include="C:\GitHub_Repos\mp2-lab3-postfix\Gutyansky\include\lexem_parser.h">
      <Filter>Header Files</Filter>
    </ClInclude>
    <ClInclude Include="C:\GitHub_Repos\mp2-lab3-postfix\Gutyansky\include\lexer.h">
      <Filter>Header Files</Filter>
    </ClInclude>
    <ClInclude Include="C:\GitHub_Repos\mp2-lab3-postfix\Gutyansky\include\lexer_context.h">
      <Filter>Header Files</Filter>
    </ClInclude>
    <ClInclude Include="C:\GitHub_Repos\mp2-lab3-postfix\Gutyansky\include\lexer_token.h">
      <Filter>Header Files</Filter>
    </ClInclude>
    <ClInclude Include="C:\GitHub_Repos\mp2-lab3-postfix\Gutyansky\include\number_parser.h">
      <Filter>Header Files</Filter>
    </ClInclude>
    <ClInclude Include="C:\GitHub_Repos\mp2-lab3-postfix\Gutyansky\include\postfix.h">
      <Filter>Header Files</Filter>
    </ClInclude>
    <ClInclude Include="C:\GitHub_Repos\mp2-lab3-postfix\Gutyansky\include\postfix_add.h">
      <Filter>Header Files</Filter>
    </ClInclude>
    <ClInclude Include="C:\GitHub_Repos\mp2-lab3-postfix\Gutyansky\include\postfix_cos.h">
      <Filter>Header Files</Filter>
    </ClInclude>
    <ClInclude Include="C:\GitHub_Repos\mp2-lab3-postfix\Gutyansky\include\postfix_div.h">
      <Filter>Header Files</Filter>
    </ClInclude>
    <ClInclude Include="C:\GitHub_Repos\mp2-lab3-postfix\Gutyansky\include\postfix_exp.h">
      <Filter>Header Files</Filter>
    </ClInclude>
    <ClInclude Include="C:\GitHub_Repos\mp2-lab3-postfix\Gutyansky\include\postfix_member.h">
      <Filter>Header Files</Filter>
    </ClInclude>
    <ClInclude Include="C:\GitHub_Repos\mp2-lab3-postfix\Gutyansky\include\postfix_mult.h">
      <Filter>Header Files</Filter>
    </ClInclude>
    <ClInclude Include="C:\GitHub_Repos\mp2-lab3-postfix\Gutyansky\include\postfix_number.h">
      <Filter>Header Files</Filter>
    </ClInclude>
    <ClInclude Include="C:\GitHub_Repos\mp2-lab3-postfix\Gutyansky\include\postfix_operation.h">
      <Filter>Header Files</Filter>
    </ClInclude>
    <ClInclude Include="C:\GitHub_Repos\mp2-lab3-postfix\Gutyansky\include\postfix_sin.h">
      <Filter>Header Files</Filter>
    </ClInclude>
    <ClInclude Include="C:\GitHub_Repos\mp2-lab3-postfix\Gutyansky\include\postfix_sub.h">
      <Filter>Header Files</Filter>
    </ClInclude>
    <ClInclude Include="C:\GitHub_Repos\mp2-lab3-postfix\Gutyansky\include\postfix_uminus.h">
      <Filter>Header Files</Filter>
    </ClInclude>
    <ClInclude Include="C:\GitHub_Repos\mp2-lab3-postfix\Gutyansky\include\postfix_var.h">
      <Filter>Header Files</Filter>
    </ClInclude>
    <ClInclude Include="C:\GitHub_Repos\mp2-lab3-postfix\Gutyansky\include\stack.h">
      <Filter>Header Files</Filter>
    </ClInclude>
    <ClInclude Include="C:\GitHub_Repos\mp2-lab3-postfix\Gutyansky\include\symbol_parser.h">
      <Filter>Header Files</Filter>
    </ClInclude>
    <ClInclude Include="C:\GitHub_Repos\mp2-lab3-postfix\Gutyansky\include\user_input_provider.h">
      <Filter>Header Files</Filter>
    </ClInclude>
    <ClInclude Include="C:\GitHub_Repos\mp2-lab3-postfix\Gutyansky\include\variable_provider.h">
      <Filter>Header Files</Filter>
    </ClInclude>
  </ItemGroup>
  <ItemGroup>
    <CustomBuild Include="C:\GitHub_Repos\mp2-lab3-postfix\Gutyansky\src\CMakeLists.txt" />
  </ItemGroup>
  <ItemGroup>
    <Filter Include="Header Files">
      <UniqueIdentifier>{F8B9FA4E-09DB-391F-A8C9-C37151BAB84B}</UniqueIdentifier>
    </Filter>
    <Filter Include="Source Files">
      <UniqueIdentifier>{69B1E076-A11D-3877-A83C-99ADCF3E5029}</UniqueIdentifier>
    </Filter>
  </ItemGroup>
</Project>
